// !$*UTF8*$!
{
	archiveVersion = 1;
	classes = {
	};
	objectVersion = 56;
	objects = {

/* Begin PBXBuildFile section */
		41BACF172BC9555A0043C6D7 /* housecirclecardApp.swift in Sources */ = {isa = PBXBuildFile; fileRef = 41BACF162BC9555A0043C6D7 /* housecirclecardApp.swift */; };
		41BACF192BC9555A0043C6D7 /* ContentView.swift in Sources */ = {isa = PBXBuildFile; fileRef = 41BACF182BC9555A0043C6D7 /* ContentView.swift */; };
		41BACF1B2BC9555C0043C6D7 /* Assets.xcassets in Resources */ = {isa = PBXBuildFile; fileRef = 41BACF1A2BC9555C0043C6D7 /* Assets.xcassets */; };
		41BACF1F2BC9555C0043C6D7 /* Preview Assets.xcassets in Resources */ = {isa = PBXBuildFile; fileRef = 41BACF1E2BC9555C0043C6D7 /* Preview Assets.xcassets */; };
		41BACF292BC9555C0043C6D7 /* housecirclecardTests.swift in Sources */ = {isa = PBXBuildFile; fileRef = 41BACF282BC9555C0043C6D7 /* housecirclecardTests.swift */; };
		41BACF332BC9555C0043C6D7 /* housecirclecardUITests.swift in Sources */ = {isa = PBXBuildFile; fileRef = 41BACF322BC9555C0043C6D7 /* housecirclecardUITests.swift */; };
		41BACF352BC9555C0043C6D7 /* housecirclecardUITestsLaunchTests.swift in Sources */ = {isa = PBXBuildFile; fileRef = 41BACF342BC9555C0043C6D7 /* housecirclecardUITestsLaunchTests.swift */; };
/* End PBXBuildFile section */

/* Begin PBXContainerItemProxy section */
		41BACF252BC9555C0043C6D7 /* PBXContainerItemProxy */ = {
			isa = PBXContainerItemProxy;
			containerPortal = 41BACF0B2BC9555A0043C6D7 /* Project object */;
			proxyType = 1;
			remoteGlobalIDString = 41BACF122BC9555A0043C6D7;
			remoteInfo = housecirclecard;
		};
		41BACF2F2BC9555C0043C6D7 /* PBXContainerItemProxy */ = {
			isa = PBXContainerItemProxy;
			containerPortal = 41BACF0B2BC9555A0043C6D7 /* Project object */;
			proxyType = 1;
			remoteGlobalIDString = 41BACF122BC9555A0043C6D7;
			remoteInfo = housecirclecard;
		};
/* End PBXContainerItemProxy section */

/* Begin PBXFileReference section */
		41BACF132BC9555A0043C6D7 /* housecirclecard.app */ = {isa = PBXFileReference; explicitFileType = wrapper.application; includeInIndex = 0; path = housecirclecard.app; sourceTree = BUILT_PRODUCTS_DIR; };
		41BACF162BC9555A0043C6D7 /* housecirclecardApp.swift */ = {isa = PBXFileReference; lastKnownFileType = sourcecode.swift; path = housecirclecardApp.swift; sourceTree = "<group>"; };
		41BACF182BC9555A0043C6D7 /* ContentView.swift */ = {isa = PBXFileReference; lastKnownFileType = sourcecode.swift; path = ContentView.swift; sourceTree = "<group>"; };
		41BACF1A2BC9555C0043C6D7 /* Assets.xcassets */ = {isa = PBXFileReference; lastKnownFileType = folder.assetcatalog; path = Assets.xcassets; sourceTree = "<group>"; };
		41BACF1C2BC9555C0043C6D7 /* housecirclecard.entitlements */ = {isa = PBXFileReference; lastKnownFileType = text.plist.entitlements; path = housecirclecard.entitlements; sourceTree = "<group>"; };
		41BACF1E2BC9555C0043C6D7 /* Preview Assets.xcassets */ = {isa = PBXFileReference; lastKnownFileType = folder.assetcatalog; path = "Preview Assets.xcassets"; sourceTree = "<group>"; };
		41BACF242BC9555C0043C6D7 /* housecirclecardTests.xctest */ = {isa = PBXFileReference; explicitFileType = wrapper.cfbundle; includeInIndex = 0; path = housecirclecardTests.xctest; sourceTree = BUILT_PRODUCTS_DIR; };
		41BACF282BC9555C0043C6D7 /* housecirclecardTests.swift */ = {isa = PBXFileReference; lastKnownFileType = sourcecode.swift; path = housecirclecardTests.swift; sourceTree = "<group>"; };
		41BACF2E2BC9555C0043C6D7 /* housecirclecardUITests.xctest */ = {isa = PBXFileReference; explicitFileType = wrapper.cfbundle; includeInIndex = 0; path = housecirclecardUITests.xctest; sourceTree = BUILT_PRODUCTS_DIR; };
		41BACF322BC9555C0043C6D7 /* housecirclecardUITests.swift */ = {isa = PBXFileReference; lastKnownFileType = sourcecode.swift; path = housecirclecardUITests.swift; sourceTree = "<group>"; };
		41BACF342BC9555C0043C6D7 /* housecirclecardUITestsLaunchTests.swift */ = {isa = PBXFileReference; lastKnownFileType = sourcecode.swift; path = housecirclecardUITestsLaunchTests.swift; sourceTree = "<group>"; };
/* End PBXFileReference section */

/* Begin PBXFrameworksBuildPhase section */
		41BACF102BC9555A0043C6D7 /* Frameworks */ = {
			isa = PBXFrameworksBuildPhase;
			buildActionMask = 2147483647;
			files = (
			);
			runOnlyForDeploymentPostprocessing = 0;
		};
		41BACF212BC9555C0043C6D7 /* Frameworks */ = {
			isa = PBXFrameworksBuildPhase;
			buildActionMask = 2147483647;
			files = (
			);
			runOnlyForDeploymentPostprocessing = 0;
		};
		41BACF2B2BC9555C0043C6D7 /* Frameworks */ = {
			isa = PBXFrameworksBuildPhase;
			buildActionMask = 2147483647;
			files = (
			);
			runOnlyForDeploymentPostprocessing = 0;
		};
/* End PBXFrameworksBuildPhase section */

/* Begin PBXGroup section */
		41BACF0A2BC9555A0043C6D7 = {
			isa = PBXGroup;
			children = (
				41BACF152BC9555A0043C6D7 /* housecirclecard */,
				41BACF272BC9555C0043C6D7 /* housecirclecardTests */,
				41BACF312BC9555C0043C6D7 /* housecirclecardUITests */,
				41BACF142BC9555A0043C6D7 /* Products */,
			);
			sourceTree = "<group>";
		};
		41BACF142BC9555A0043C6D7 /* Products */ = {
			isa = PBXGroup;
			children = (
				41BACF132BC9555A0043C6D7 /* housecirclecard.app */,
				41BACF242BC9555C0043C6D7 /* housecirclecardTests.xctest */,
				41BACF2E2BC9555C0043C6D7 /* housecirclecardUITests.xctest */,
			);
			name = Products;
			sourceTree = "<group>";
		};
		41BACF152BC9555A0043C6D7 /* housecirclecard */ = {
			isa = PBXGroup;
			children = (
				41BACF162BC9555A0043C6D7 /* housecirclecardApp.swift */,
				41BACF182BC9555A0043C6D7 /* ContentView.swift */,
				41BACF1A2BC9555C0043C6D7 /* Assets.xcassets */,
				41BACF1C2BC9555C0043C6D7 /* housecirclecard.entitlements */,
				41BACF1D2BC9555C0043C6D7 /* Preview Content */,
			);
			path = housecirclecard;
			sourceTree = "<group>";
		};
		41BACF1D2BC9555C0043C6D7 /* Preview Content */ = {
			isa = PBXGroup;
			children = (
				41BACF1E2BC9555C0043C6D7 /* Preview Assets.xcassets */,
			);
			path = "Preview Content";
			sourceTree = "<group>";
		};
		41BACF272BC9555C0043C6D7 /* housecirclecardTests */ = {
			isa = PBXGroup;
			children = (
				41BACF282BC9555C0043C6D7 /* housecirclecardTests.swift */,
			);
			path = housecirclecardTests;
			sourceTree = "<group>";
		};
		41BACF312BC9555C0043C6D7 /* housecirclecardUITests */ = {
			isa = PBXGroup;
			children = (
				41BACF322BC9555C0043C6D7 /* housecirclecardUITests.swift */,
				41BACF342BC9555C0043C6D7 /* housecirclecardUITestsLaunchTests.swift */,
			);
			path = housecirclecardUITests;
			sourceTree = "<group>";
		};
/* End PBXGroup section */

/* Begin PBXNativeTarget section */
		41BACF122BC9555A0043C6D7 /* housecirclecard */ = {
			isa = PBXNativeTarget;
			buildConfigurationList = 41BACF382BC9555C0043C6D7 /* Build configuration list for PBXNativeTarget "housecirclecard" */;
			buildPhases = (
				41BACF0F2BC9555A0043C6D7 /* Sources */,
				41BACF102BC9555A0043C6D7 /* Frameworks */,
				41BACF112BC9555A0043C6D7 /* Resources */,
			);
			buildRules = (
			);
			dependencies = (
			);
			name = housecirclecard;
			productName = housecirclecard;
			productReference = 41BACF132BC9555A0043C6D7 /* housecirclecard.app */;
			productType = "com.apple.product-type.application";
		};
		41BACF232BC9555C0043C6D7 /* housecirclecardTests */ = {
			isa = PBXNativeTarget;
			buildConfigurationList = 41BACF3B2BC9555C0043C6D7 /* Build configuration list for PBXNativeTarget "housecirclecardTests" */;
			buildPhases = (
				41BACF202BC9555C0043C6D7 /* Sources */,
				41BACF212BC9555C0043C6D7 /* Frameworks */,
				41BACF222BC9555C0043C6D7 /* Resources */,
			);
			buildRules = (
			);
			dependencies = (
				41BACF262BC9555C0043C6D7 /* PBXTargetDependency */,
			);
			name = housecirclecardTests;
			productName = housecirclecardTests;
			productReference = 41BACF242BC9555C0043C6D7 /* housecirclecardTests.xctest */;
			productType = "com.apple.product-type.bundle.unit-test";
		};
		41BACF2D2BC9555C0043C6D7 /* housecirclecardUITests */ = {
			isa = PBXNativeTarget;
			buildConfigurationList = 41BACF3E2BC9555C0043C6D7 /* Build configuration list for PBXNativeTarget "housecirclecardUITests" */;
			buildPhases = (
				41BACF2A2BC9555C0043C6D7 /* Sources */,
				41BACF2B2BC9555C0043C6D7 /* Frameworks */,
				41BACF2C2BC9555C0043C6D7 /* Resources */,
			);
			buildRules = (
			);
			dependencies = (
				41BACF302BC9555C0043C6D7 /* PBXTargetDependency */,
			);
			name = housecirclecardUITests;
			productName = housecirclecardUITests;
			productReference = 41BACF2E2BC9555C0043C6D7 /* housecirclecardUITests.xctest */;
			productType = "com.apple.product-type.bundle.ui-testing";
		};
/* End PBXNativeTarget section */

/* Begin PBXProject section */
		41BACF0B2BC9555A0043C6D7 /* Project object */ = {
			isa = PBXProject;
			attributes = {
				BuildIndependentTargetsInParallel = 1;
				LastSwiftUpdateCheck = 1530;
				LastUpgradeCheck = 1530;
				TargetAttributes = {
					41BACF122BC9555A0043C6D7 = {
						CreatedOnToolsVersion = 15.3;
					};
					41BACF232BC9555C0043C6D7 = {
						CreatedOnToolsVersion = 15.3;
						TestTargetID = 41BACF122BC9555A0043C6D7;
					};
					41BACF2D2BC9555C0043C6D7 = {
						CreatedOnToolsVersion = 15.3;
						TestTargetID = 41BACF122BC9555A0043C6D7;
					};
				};
			};
			buildConfigurationList = 41BACF0E2BC9555A0043C6D7 /* Build configuration list for PBXProject "housecirclecard" */;
			compatibilityVersion = "Xcode 14.0";
			developmentRegion = en;
			hasScannedForEncodings = 0;
			knownRegions = (
				en,
				Base,
			);
			mainGroup = 41BACF0A2BC9555A0043C6D7;
			productRefGroup = 41BACF142BC9555A0043C6D7 /* Products */;
			projectDirPath = "";
			projectRoot = "";
			targets = (
				41BACF122BC9555A0043C6D7 /* housecirclecard */,
				41BACF232BC9555C0043C6D7 /* housecirclecardTests */,
				41BACF2D2BC9555C0043C6D7 /* housecirclecardUITests */,
			);
		};
/* End PBXProject section */

/* Begin PBXResourcesBuildPhase section */
		41BACF112BC9555A0043C6D7 /* Resources */ = {
			isa = PBXResourcesBuildPhase;
			buildActionMask = 2147483647;
			files = (
				41BACF1F2BC9555C0043C6D7 /* Preview Assets.xcassets in Resources */,
				41BACF1B2BC9555C0043C6D7 /* Assets.xcassets in Resources */,
			);
			runOnlyForDeploymentPostprocessing = 0;
		};
		41BACF222BC9555C0043C6D7 /* Resources */ = {
			isa = PBXResourcesBuildPhase;
			buildActionMask = 2147483647;
			files = (
			);
			runOnlyForDeploymentPostprocessing = 0;
		};
		41BACF2C2BC9555C0043C6D7 /* Resources */ = {
			isa = PBXResourcesBuildPhase;
			buildActionMask = 2147483647;
			files = (
			);
			runOnlyForDeploymentPostprocessing = 0;
		};
/* End PBXResourcesBuildPhase section */

/* Begin PBXSourcesBuildPhase section */
		41BACF0F2BC9555A0043C6D7 /* Sources */ = {
			isa = PBXSourcesBuildPhase;
			buildActionMask = 2147483647;
			files = (
				41BACF192BC9555A0043C6D7 /* ContentView.swift in Sources */,
				41BACF172BC9555A0043C6D7 /* housecirclecardApp.swift in Sources */,
			);
			runOnlyForDeploymentPostprocessing = 0;
		};
		41BACF202BC9555C0043C6D7 /* Sources */ = {
			isa = PBXSourcesBuildPhase;
			buildActionMask = 2147483647;
			files = (
				41BACF292BC9555C0043C6D7 /* housecirclecardTests.swift in Sources */,
			);
			runOnlyForDeploymentPostprocessing = 0;
		};
		41BACF2A2BC9555C0043C6D7 /* Sources */ = {
			isa = PBXSourcesBuildPhase;
			buildActionMask = 2147483647;
			files = (
				41BACF332BC9555C0043C6D7 /* housecirclecardUITests.swift in Sources */,
				41BACF352BC9555C0043C6D7 /* housecirclecardUITestsLaunchTests.swift in Sources */,
			);
			runOnlyForDeploymentPostprocessing = 0;
		};
/* End PBXSourcesBuildPhase section */

/* Begin PBXTargetDependency section */
		41BACF262BC9555C0043C6D7 /* PBXTargetDependency */ = {
			isa = PBXTargetDependency;
			target = 41BACF122BC9555A0043C6D7 /* housecirclecard */;
			targetProxy = 41BACF252BC9555C0043C6D7 /* PBXContainerItemProxy */;
		};
		41BACF302BC9555C0043C6D7 /* PBXTargetDependency */ = {
			isa = PBXTargetDependency;
			target = 41BACF122BC9555A0043C6D7 /* housecirclecard */;
			targetProxy = 41BACF2F2BC9555C0043C6D7 /* PBXContainerItemProxy */;
		};
/* End PBXTargetDependency section */

/* Begin XCBuildConfiguration section */
		41BACF362BC9555C0043C6D7 /* Debug */ = {
			isa = XCBuildConfiguration;
			buildSettings = {
				ALWAYS_SEARCH_USER_PATHS = NO;
				ASSETCATALOG_COMPILER_GENERATE_SWIFT_ASSET_SYMBOL_EXTENSIONS = YES;
				CLANG_ANALYZER_NONNULL = YES;
				CLANG_ANALYZER_NUMBER_OBJECT_CONVERSION = YES_AGGRESSIVE;
				CLANG_CXX_LANGUAGE_STANDARD = "gnu++20";
				CLANG_ENABLE_MODULES = YES;
				CLANG_ENABLE_OBJC_ARC = YES;
				CLANG_ENABLE_OBJC_WEAK = YES;
				CLANG_WARN_BLOCK_CAPTURE_AUTORELEASING = YES;
				CLANG_WARN_BOOL_CONVERSION = YES;
				CLANG_WARN_COMMA = YES;
				CLANG_WARN_CONSTANT_CONVERSION = YES;
				CLANG_WARN_DEPRECATED_OBJC_IMPLEMENTATIONS = YES;
				CLANG_WARN_DIRECT_OBJC_ISA_USAGE = YES_ERROR;
				CLANG_WARN_DOCUMENTATION_COMMENTS = YES;
				CLANG_WARN_EMPTY_BODY = YES;
				CLANG_WARN_ENUM_CONVERSION = YES;
				CLANG_WARN_INFINITE_RECURSION = YES;
				CLANG_WARN_INT_CONVERSION = YES;
				CLANG_WARN_NON_LITERAL_NULL_CONVERSION = YES;
				CLANG_WARN_OBJC_IMPLICIT_RETAIN_SELF = YES;
				CLANG_WARN_OBJC_LITERAL_CONVERSION = YES;
				CLANG_WARN_OBJC_ROOT_CLASS = YES_ERROR;
				CLANG_WARN_QUOTED_INCLUDE_IN_FRAMEWORK_HEADER = YES;
				CLANG_WARN_RANGE_LOOP_ANALYSIS = YES;
				CLANG_WARN_STRICT_PROTOTYPES = YES;
				CLANG_WARN_SUSPICIOUS_MOVE = YES;
				CLANG_WARN_UNGUARDED_AVAILABILITY = YES_AGGRESSIVE;
				CLANG_WARN_UNREACHABLE_CODE = YES;
				CLANG_WARN__DUPLICATE_METHOD_MATCH = YES;
				COPY_PHASE_STRIP = NO;
				DEBUG_INFORMATION_FORMAT = dwarf;
				ENABLE_STRICT_OBJC_MSGSEND = YES;
				ENABLE_TESTABILITY = YES;
				ENABLE_USER_SCRIPT_SANDBOXING = YES;
				GCC_C_LANGUAGE_STANDARD = gnu17;
				GCC_DYNAMIC_NO_PIC = NO;
				GCC_NO_COMMON_BLOCKS = YES;
				GCC_OPTIMIZATION_LEVEL = 0;
				GCC_PREPROCESSOR_DEFINITIONS = (
					"DEBUG=1",
					"$(inherited)",
				);
				GCC_WARN_64_TO_32_BIT_CONVERSION = YES;
				GCC_WARN_ABOUT_RETURN_TYPE = YES_ERROR;
				GCC_WARN_UNDECLARED_SELECTOR = YES;
				GCC_WARN_UNINITIALIZED_AUTOS = YES_AGGRESSIVE;
				GCC_WARN_UNUSED_FUNCTION = YES;
				GCC_WARN_UNUSED_VARIABLE = YES;
				LOCALIZATION_PREFERS_STRING_CATALOGS = YES;
				MTL_ENABLE_DEBUG_INFO = INCLUDE_SOURCE;
				MTL_FAST_MATH = YES;
				ONLY_ACTIVE_ARCH = YES;
				SWIFT_ACTIVE_COMPILATION_CONDITIONS = "DEBUG $(inherited)";
				SWIFT_OPTIMIZATION_LEVEL = "-Onone";
			};
			name = Debug;
		};
		41BACF372BC9555C0043C6D7 /* Release */ = {
			isa = XCBuildConfiguration;
			buildSettings = {
				ALWAYS_SEARCH_USER_PATHS = NO;
				ASSETCATALOG_COMPILER_GENERATE_SWIFT_ASSET_SYMBOL_EXTENSIONS = YES;
				CLANG_ANALYZER_NONNULL = YES;
				CLANG_ANALYZER_NUMBER_OBJECT_CONVERSION = YES_AGGRESSIVE;
				CLANG_CXX_LANGUAGE_STANDARD = "gnu++20";
				CLANG_ENABLE_MODULES = YES;
				CLANG_ENABLE_OBJC_ARC = YES;
				CLANG_ENABLE_OBJC_WEAK = YES;
				CLANG_WARN_BLOCK_CAPTURE_AUTORELEASING = YES;
				CLANG_WARN_BOOL_CONVERSION = YES;
				CLANG_WARN_COMMA = YES;
				CLANG_WARN_CONSTANT_CONVERSION = YES;
				CLANG_WARN_DEPRECATED_OBJC_IMPLEMENTATIONS = YES;
				CLANG_WARN_DIRECT_OBJC_ISA_USAGE = YES_ERROR;
				CLANG_WARN_DOCUMENTATION_COMMENTS = YES;
				CLANG_WARN_EMPTY_BODY = YES;
				CLANG_WARN_ENUM_CONVERSION = YES;
				CLANG_WARN_INFINITE_RECURSION = YES;
				CLANG_WARN_INT_CONVERSION = YES;
				CLANG_WARN_NON_LITERAL_NULL_CONVERSION = YES;
				CLANG_WARN_OBJC_IMPLICIT_RETAIN_SELF = YES;
				CLANG_WARN_OBJC_LITERAL_CONVERSION = YES;
				CLANG_WARN_OBJC_ROOT_CLASS = YES_ERROR;
				CLANG_WARN_QUOTED_INCLUDE_IN_FRAMEWORK_HEADER = YES;
				CLANG_WARN_RANGE_LOOP_ANALYSIS = YES;
				CLANG_WARN_STRICT_PROTOTYPES = YES;
				CLANG_WARN_SUSPICIOUS_MOVE = YES;
				CLANG_WARN_UNGUARDED_AVAILABILITY = YES_AGGRESSIVE;
				CLANG_WARN_UNREACHABLE_CODE = YES;
				CLANG_WARN__DUPLICATE_METHOD_MATCH = YES;
				COPY_PHASE_STRIP = NO;
				DEBUG_INFORMATION_FORMAT = "dwarf-with-dsym";
				ENABLE_NS_ASSERTIONS = NO;
				ENABLE_STRICT_OBJC_MSGSEND = YES;
				ENABLE_USER_SCRIPT_SANDBOXING = YES;
				GCC_C_LANGUAGE_STANDARD = gnu17;
				GCC_NO_COMMON_BLOCKS = YES;
				GCC_WARN_64_TO_32_BIT_CONVERSION = YES;
				GCC_WARN_ABOUT_RETURN_TYPE = YES_ERROR;
				GCC_WARN_UNDECLARED_SELECTOR = YES;
				GCC_WARN_UNINITIALIZED_AUTOS = YES_AGGRESSIVE;
				GCC_WARN_UNUSED_FUNCTION = YES;
				GCC_WARN_UNUSED_VARIABLE = YES;
				LOCALIZATION_PREFERS_STRING_CATALOGS = YES;
				MTL_ENABLE_DEBUG_INFO = NO;
				MTL_FAST_MATH = YES;
				SWIFT_COMPILATION_MODE = wholemodule;
			};
			name = Release;
		};
		41BACF392BC9555C0043C6D7 /* Debug */ = {
			isa = XCBuildConfiguration;
			buildSettings = {
				ASSETCATALOG_COMPILER_APPICON_NAME = AppIcon;
				ASSETCATALOG_COMPILER_GLOBAL_ACCENT_COLOR_NAME = AccentColor;
				CODE_SIGN_ENTITLEMENTS = housecirclecard/housecirclecard.entitlements;
				CODE_SIGN_STYLE = Automatic;
				CURRENT_PROJECT_VERSION = 1;
				DEVELOPMENT_ASSET_PATHS = "\"housecirclecard/Preview Content\"";
				DEVELOPMENT_TEAM = GAD6HE5MEM;
				ENABLE_HARDENED_RUNTIME = YES;
				ENABLE_PREVIEWS = YES;
				GENERATE_INFOPLIST_FILE = YES;
				"INFOPLIST_KEY_UIApplicationSceneManifest_Generation[sdk=iphoneos*]" = YES;
				"INFOPLIST_KEY_UIApplicationSceneManifest_Generation[sdk=iphonesimulator*]" = YES;
				"INFOPLIST_KEY_UIApplicationSupportsIndirectInputEvents[sdk=iphoneos*]" = YES;
				"INFOPLIST_KEY_UIApplicationSupportsIndirectInputEvents[sdk=iphonesimulator*]" = YES;
				"INFOPLIST_KEY_UILaunchScreen_Generation[sdk=iphoneos*]" = YES;
				"INFOPLIST_KEY_UILaunchScreen_Generation[sdk=iphonesimulator*]" = YES;
				"INFOPLIST_KEY_UIStatusBarStyle[sdk=iphoneos*]" = UIStatusBarStyleDefault;
				"INFOPLIST_KEY_UIStatusBarStyle[sdk=iphonesimulator*]" = UIStatusBarStyleDefault;
				INFOPLIST_KEY_UISupportedInterfaceOrientations_iPad = "UIInterfaceOrientationPortrait UIInterfaceOrientationPortraitUpsideDown UIInterfaceOrientationLandscapeLeft UIInterfaceOrientationLandscapeRight";
				INFOPLIST_KEY_UISupportedInterfaceOrientations_iPhone = "UIInterfaceOrientationPortrait UIInterfaceOrientationLandscapeLeft UIInterfaceOrientationLandscapeRight";
				IPHONEOS_DEPLOYMENT_TARGET = 17.4;
				LD_RUNPATH_SEARCH_PATHS = "@executable_path/Frameworks";
				"LD_RUNPATH_SEARCH_PATHS[sdk=macosx*]" = "@executable_path/../Frameworks";
				MACOSX_DEPLOYMENT_TARGET = 14.4;
				MARKETING_VERSION = 1.0;
				PRODUCT_BUNDLE_IDENTIFIER = mt.housecirclecard;
				PRODUCT_NAME = "$(TARGET_NAME)";
				SDKROOT = auto;
				SUPPORTED_PLATFORMS = "iphoneos iphonesimulator macosx";
				SWIFT_EMIT_LOC_STRINGS = YES;
				SWIFT_VERSION = 5.0;
				TARGETED_DEVICE_FAMILY = "1,2";
			};
			name = Debug;
		};
		41BACF3A2BC9555C0043C6D7 /* Release */ = {
			isa = XCBuildConfiguration;
			buildSettings = {
				ASSETCATALOG_COMPILER_APPICON_NAME = AppIcon;
				ASSETCATALOG_COMPILER_GLOBAL_ACCENT_COLOR_NAME = AccentColor;
				CODE_SIGN_ENTITLEMENTS = housecirclecard/housecirclecard.entitlements;
				CODE_SIGN_STYLE = Automatic;
				CURRENT_PROJECT_VERSION = 1;
				DEVELOPMENT_ASSET_PATHS = "\"housecirclecard/Preview Content\"";
				DEVELOPMENT_TEAM = GAD6HE5MEM;
				ENABLE_HARDENED_RUNTIME = YES;
				ENABLE_PREVIEWS = YES;
				GENERATE_INFOPLIST_FILE = YES;
				"INFOPLIST_KEY_UIApplicationSceneManifest_Generation[sdk=iphoneos*]" = YES;
				"INFOPLIST_KEY_UIApplicationSceneManifest_Generation[sdk=iphonesimulator*]" = YES;
				"INFOPLIST_KEY_UIApplicationSupportsIndirectInputEvents[sdk=iphoneos*]" = YES;
				"INFOPLIST_KEY_UIApplicationSupportsIndirectInputEvents[sdk=iphonesimulator*]" = YES;
				"INFOPLIST_KEY_UILaunchScreen_Generation[sdk=iphoneos*]" = YES;
				"INFOPLIST_KEY_UILaunchScreen_Generation[sdk=iphonesimulator*]" = YES;
				"INFOPLIST_KEY_UIStatusBarStyle[sdk=iphoneos*]" = UIStatusBarStyleDefault;
				"INFOPLIST_KEY_UIStatusBarStyle[sdk=iphonesimulator*]" = UIStatusBarStyleDefault;
				INFOPLIST_KEY_UISupportedInterfaceOrientations_iPad = "UIInterfaceOrientationPortrait UIInterfaceOrientationPortraitUpsideDown UIInterfaceOrientationLandscapeLeft UIInterfaceOrientationLandscapeRight";
				INFOPLIST_KEY_UISupportedInterfaceOrientations_iPhone = "UIInterfaceOrientationPortrait UIInterfaceOrientationLandscapeLeft UIInterfaceOrientationLandscapeRight";
				IPHONEOS_DEPLOYMENT_TARGET = 17.4;
				LD_RUNPATH_SEARCH_PATHS = "@executable_path/Frameworks";
				"LD_RUNPATH_SEARCH_PATHS[sdk=macosx*]" = "@executable_path/../Frameworks";
				MACOSX_DEPLOYMENT_TARGET = 14.4;
				MARKETING_VERSION = 1.0;
				PRODUCT_BUNDLE_IDENTIFIER = mt.housecirclecard;
				PRODUCT_NAME = "$(TARGET_NAME)";
				SDKROOT = auto;
				SUPPORTED_PLATFORMS = "iphoneos iphonesimulator macosx";
				SWIFT_EMIT_LOC_STRINGS = YES;
				SWIFT_VERSION = 5.0;
				TARGETED_DEVICE_FAMILY = "1,2";
			};
			name = Release;
		};
		41BACF3C2BC9555C0043C6D7 /* Debug */ = {
			isa = XCBuildConfiguration;
			buildSettings = {
				ALWAYS_EMBED_SWIFT_STANDARD_LIBRARIES = YES;
				BUNDLE_LOADER = "$(TEST_HOST)";
				CODE_SIGN_STYLE = Automatic;
				CURRENT_PROJECT_VERSION = 1;
				DEVELOPMENT_TEAM = GAD6HE5MEM;
				GENERATE_INFOPLIST_FILE = YES;
				IPHONEOS_DEPLOYMENT_TARGET = 17.4;
				MACOSX_DEPLOYMENT_TARGET = 14.4;
				MARKETING_VERSION = 1.0;
				PRODUCT_BUNDLE_IDENTIFIER = mt.housecirclecardTests;
				PRODUCT_NAME = "$(TARGET_NAME)";
				SDKROOT = auto;
				SUPPORTED_PLATFORMS = "iphoneos iphonesimulator macosx";
				SWIFT_EMIT_LOC_STRINGS = NO;
				SWIFT_VERSION = 5.0;
				TARGETED_DEVICE_FAMILY = "1,2";
				TEST_HOST = "$(BUILT_PRODUCTS_DIR)/housecirclecard.app/$(BUNDLE_EXECUTABLE_FOLDER_PATH)/housecirclecard";
			};
			name = Debug;
		};
		41BACF3D2BC9555C0043C6D7 /* Release */ = {
			isa = XCBuildConfiguration;
			buildSettings = {
				ALWAYS_EMBED_SWIFT_STANDARD_LIBRARIES = YES;
				BUNDLE_LOADER = "$(TEST_HOST)";
				CODE_SIGN_STYLE = Automatic;
				CURRENT_PROJECT_VERSION = 1;
				DEVELOPMENT_TEAM = GAD6HE5MEM;
				GENERATE_INFOPLIST_FILE = YES;
				IPHONEOS_DEPLOYMENT_TARGET = 17.4;
				MACOSX_DEPLOYMENT_TARGET = 14.4;
				MARKETING_VERSION = 1.0;
				PRODUCT_BUNDLE_IDENTIFIER = mt.housecirclecardTests;
				PRODUCT_NAME = "$(TARGET_NAME)";
				SDKROOT = auto;
				SUPPORTED_PLATFORMS = "iphoneos iphonesimulator macosx";
				SWIFT_EMIT_LOC_STRINGS = NO;
				SWIFT_VERSION = 5.0;
				TARGETED_DEVICE_FAMILY = "1,2";
				TEST_HOST = "$(BUILT_PRODUCTS_DIR)/housecirclecard.app/$(BUNDLE_EXECUTABLE_FOLDER_PATH)/housecirclecard";
			};
			name = Release;
		};
		41BACF3F2BC9555C0043C6D7 /* Debug */ = {
			isa = XCBuildConfiguration;
			buildSettings = {
				ALWAYS_EMBED_SWIFT_STANDARD_LIBRARIES = YES;
				CODE_SIGN_STYLE = Automatic;
				CURRENT_PROJECT_VERSION = 1;
				DEVELOPMENT_TEAM = GAD6HE5MEM;
				GENERATE_INFOPLIST_FILE = YES;
				IPHONEOS_DEPLOYMENT_TARGET = 17.4;
				MACOSX_DEPLOYMENT_TARGET = 14.4;
				MARKETING_VERSION = 1.0;
				PRODUCT_BUNDLE_IDENTIFIER = mt.housecirclecardUITests;
				PRODUCT_NAME = "$(TARGET_NAME)";
				SDKROOT = auto;
				SUPPORTED_PLATFORMS = "iphoneos iphonesimulator macosx";
				SWIFT_EMIT_LOC_STRINGS = NO;
				SWIFT_VERSION = 5.0;
				TARGETED_DEVICE_FAMILY = "1,2";
				TEST_TARGET_NAME = housecirclecard;
			};
			name = Debug;
		};
		41BACF402BC9555C0043C6D7 /* Release */ = {
			isa = XCBuildConfiguration;
			buildSettings = {
				ALWAYS_EMBED_SWIFT_STANDARD_LIBRARIES = YES;
				CODE_SIGN_STYLE = Automatic;
				CURRENT_PROJECT_VERSION = 1;
				DEVELOPMENT_TEAM = GAD6HE5MEM;
				GENERATE_INFOPLIST_FILE = YES;
				IPHONEOS_DEPLOYMENT_TARGET = 17.4;
				MACOSX_DEPLOYMENT_TARGET = 14.4;
				MARKETING_VERSION = 1.0;
				PRODUCT_BUNDLE_IDENTIFIER = mt.housecirclecardUITests;
				PRODUCT_NAME = "$(TARGET_NAME)";
				SDKROOT = auto;
				SUPPORTED_PLATFORMS = "iphoneos iphonesimulator macosx";
				SWIFT_EMIT_LOC_STRINGS = NO;
				SWIFT_VERSION = 5.0;
				TARGETED_DEVICE_FAMILY = "1,2";
				TEST_TARGET_NAME = housecirclecard;
			};
			name = Release;
		};
/* End XCBuildConfiguration section */

/* Begin XCConfigurationList section */
		41BACF0E2BC9555A0043C6D7 /* Build configuration list for PBXProject "housecirclecard" */ = {
			isa = XCConfigurationList;
			buildConfigurations = (
				41BACF362BC9555C0043C6D7 /* Debug */,
				41BACF372BC9555C0043C6D7 /* Release */,
			);
			defaultConfigurationIsVisible = 0;
			defaultConfigurationName = Release;
		};
		41BACF382BC9555C0043C6D7 /* Build configuration list for PBXNativeTarget "housecirclecard" */ = {
			isa = XCConfigurationList;
			buildConfigurations = (
				41BACF392BC9555C0043C6D7 /* Debug */,
				41BACF3A2BC9555C0043C6D7 /* Release */,
			);
			defaultConfigurationIsVisible = 0;
			defaultConfigurationName = Release;
		};
		41BACF3B2BC9555C0043C6D7 /* Build configuration list for PBXNativeTarget "housecirclecardTests" */ = {
			isa = XCConfigurationList;
			buildConfigurations = (
				41BACF3C2BC9555C0043C6D7 /* Debug */,
				41BACF3D2BC9555C0043C6D7 /* Release */,
			);
			defaultConfigurationIsVisible = 0;
			defaultConfigurationName = Release;
		};
		41BACF3E2BC9555C0043C6D7 /* Build configuration list for PBXNativeTarget "housecirclecardUITests" */ = {
			isa = XCConfigurationList;
			buildConfigurations = (
				41BACF3F2BC9555C0043C6D7 /* Debug */,
				41BACF402BC9555C0043C6D7 /* Release */,
			);
			defaultConfigurationIsVisible = 0;
			defaultConfigurationName = Release;
		};
/* End XCConfigurationList section */
	};
	rootObject = 41BACF0B2BC9555A0043C6D7 /* Project object */;
}
