# Generated by pub
# See https://dart.dev/tools/pub/glossary#lockfile
packages:
  lints:
    dependency: "direct dev"
    description:
      name: lints
      sha256: "5cfd6509652ff5e7fe149b6df4859e687fca9048437857cb2e65c8d780f396e3"
      url: "https://pub.dev"
    source: hosted
    version: "2.0.0"
  platform:
    dependency: "direct main"
    description:
      path: "."
      ref: cross-platform-os-detect
      resolved-ref: "20a71101a1a81041677f31c6878077449416a009"
      url: "https://github.com/lrhn/platform.dart/"
    source: git
    version: "4.0.0"
sdks:
  dart: ">=2.17.0-206.0.dev <4.0.0"
